
Microsoft Visual Studio Solution File, Format Version 12.00
# Visual Studio Version 17
VisualStudioVersion = 17.7.34031.279
MinimumVisualStudioVersion = 10.0.40219.1
Project("{9A19103F-16F7-4668-BE54-9A1E7A4F7556}") = "HomeEconomy.Web", "HomeEconomy.Web\HomeEconomy.Web.csproj", "{52862C15-C04D-45D7-8F34-EAEDEC96B8DA}"
EndProject
Project("{9A19103F-16F7-4668-BE54-9A1E7A4F7556}") = "HomeEconomy.Application", "HomeEconomy.Application\HomeEconomy.Application.csproj", "{EB123A37-2A22-4A1A-8AA8-D25E988FF926}"
EndProject
Project("{9A19103F-16F7-4668-BE54-9A1E7A4F7556}") = "HomeEconomy.Core", "HomeEconomy.Core\HomeEconomy.Core.csproj", "{DC179C30-068F-44E1-A173-A0FB5B149C89}"
EndProject
Project("{9A19103F-16F7-4668-BE54-9A1E7A4F7556}") = "HomeEconomy.Infrastructure", "HomeEconomy.Infrastructure\HomeEconomy.Infrastructure.csproj", "{FB54A27F-CD43-4E4C-A341-181F6841DC2B}"
EndProject
Global
	GlobalSection(SolutionConfigurationPlatforms) = preSolution
		Debug|Any CPU = Debug|Any CPU
		Release|Any CPU = Release|Any CPU
	EndGlobalSection
	GlobalSection(ProjectConfigurationPlatforms) = postSolution
		{52862C15-C04D-45D7-8F34-EAEDEC96B8DA}.Debug|Any CPU.ActiveCfg = Debug|Any CPU
		{52862C15-C04D-45D7-8F34-EAEDEC96B8DA}.Debug|Any CPU.Build.0 = Debug|Any CPU
		{52862C15-C04D-45D7-8F34-EAEDEC96B8DA}.Release|Any CPU.ActiveCfg = Release|Any CPU
		{52862C15-C04D-45D7-8F34-EAEDEC96B8DA}.Release|Any CPU.Build.0 = Release|Any CPU
		{EB123A37-2A22-4A1A-8AA8-D25E988FF926}.Debug|Any CPU.ActiveCfg = Debug|Any CPU
		{EB123A37-2A22-4A1A-8AA8-D25E988FF926}.Debug|Any CPU.Build.0 = Debug|Any CPU
		{EB123A37-2A22-4A1A-8AA8-D25E988FF926}.Release|Any CPU.ActiveCfg = Release|Any CPU
		{EB123A37-2A22-4A1A-8AA8-D25E988FF926}.Release|Any CPU.Build.0 = Release|Any CPU
		{DC179C30-068F-44E1-A173-A0FB5B149C89}.Debug|Any CPU.ActiveCfg = Debug|Any CPU
		{DC179C30-068F-44E1-A173-A0FB5B149C89}.Debug|Any CPU.Build.0 = Debug|Any CPU
		{DC179C30-068F-44E1-A173-A0FB5B149C89}.Release|Any CPU.ActiveCfg = Release|Any CPU
		{DC179C30-068F-44E1-A173-A0FB5B149C89}.Release|Any CPU.Build.0 = Release|Any CPU
		{FB54A27F-CD43-4E4C-A341-181F6841DC2B}.Debug|Any CPU.ActiveCfg = Debug|Any CPU
		{FB54A27F-CD43-4E4C-A341-181F6841DC2B}.Debug|Any CPU.Build.0 = Debug|Any CPU
		{FB54A27F-CD43-4E4C-A341-181F6841DC2B}.Release|Any CPU.ActiveCfg = Release|Any CPU
		{FB54A27F-CD43-4E4C-A341-181F6841DC2B}.Release|Any CPU.Build.0 = Release|Any CPU
	EndGlobalSection
	GlobalSection(SolutionProperties) = preSolution
		HideSolutionNode = FALSE
	EndGlobalSection
	GlobalSection(ExtensibilityGlobals) = postSolution
		SolutionGuid = {665E52DD-77A2-45A5-8234-473E5BA9C947}
	EndGlobalSection
EndGlobal
